// !$*UTF8*$!
{
	archiveVersion = 1;
	classes = {
	};
	objectVersion = 46;
	objects = {

/* Begin PBXBuildFile section */
		C3B7C8D7143A87870059B9BC /* UIKit.framework in Frameworks */ = {isa = PBXBuildFile; fileRef = C3B7C8D6143A87870059B9BC /* UIKit.framework */; };
		C3B7C8D9143A87870059B9BC /* Foundation.framework in Frameworks */ = {isa = PBXBuildFile; fileRef = C3B7C8D8143A87870059B9BC /* Foundation.framework */; };
		C3B7C8DB143A87870059B9BC /* CoreGraphics.framework in Frameworks */ = {isa = PBXBuildFile; fileRef = C3B7C8DA143A87870059B9BC /* CoreGraphics.framework */; };
		C3B7C8E1143A87870059B9BC /* InfoPlist.strings in Resources */ = {isa = PBXBuildFile; fileRef = C3B7C8DF143A87870059B9BC /* InfoPlist.strings */; };
		C3B7C8E4143A87870059B9BC /* main.m in Sources */ = {isa = PBXBuildFile; fileRef = C3B7C8E3143A87870059B9BC /* main.m */; };
		C3B7C8E7143A87870059B9BC /* CourtCoverageAppDelegate.m in Sources */ = {isa = PBXBuildFile; fileRef = C3B7C8E6143A87870059B9BC /* CourtCoverageAppDelegate.m */; };
		C3B7C8EA143A87870059B9BC /* MainWindow.xib in Resources */ = {isa = PBXBuildFile; fileRef = C3B7C8E8143A87870059B9BC /* MainWindow.xib */; };
		C3B7C8ED143A87870059B9BC /* CourtCoverageViewController.m in Sources */ = {isa = PBXBuildFile; fileRef = C3B7C8EC143A87870059B9BC /* CourtCoverageViewController.m */; };
		C3B7C8F0143A87870059B9BC /* CourtCoverageViewController.xib in Resources */ = {isa = PBXBuildFile; fileRef = C3B7C8EE143A87870059B9BC /* CourtCoverageViewController.xib */; };
/* End PBXBuildFile section */

/* Begin PBXFileReference section */
		C3B7C8D2143A87870059B9BC /* CourtCoverage.app */ = {isa = PBXFileReference; explicitFileType = wrapper.application; includeInIndex = 0; path = CourtCoverage.app; sourceTree = BUILT_PRODUCTS_DIR; };
		C3B7C8D6143A87870059B9BC /* UIKit.framework */ = {isa = PBXFileReference; lastKnownFileType = wrapper.framework; name = UIKit.framework; path = System/Library/Frameworks/UIKit.framework; sourceTree = SDKROOT; };
		C3B7C8D8143A87870059B9BC /* Foundation.framework */ = {isa = PBXFileReference; lastKnownFileType = wrapper.framework; name = Foundation.framework; path = System/Library/Frameworks/Foundation.framework; sourceTree = SDKROOT; };
		C3B7C8DA143A87870059B9BC /* CoreGraphics.framework */ = {isa = PBXFileReference; lastKnownFileType = wrapper.framework; name = CoreGraphics.framework; path = System/Library/Frameworks/CoreGraphics.framework; sourceTree = SDKROOT; };
		C3B7C8DE143A87870059B9BC /* CourtCoverage-Info.plist */ = {isa = PBXFileReference; path = "CourtCoverage-Info.plist"; sourceTree = "<group>"; };
		C3B7C8E0143A87870059B9BC /* en */ = {isa = PBXFileReference; lastKnownFileType = text.plist.strings; name = en; path = en.lproj/InfoPlist.strings; sourceTree = "<group>"; };
		C3B7C8E2143A87870059B9BC /* CourtCoverage-Prefix.pch */ = {isa = PBXFileReference; path = "CourtCoverage-Prefix.pch"; sourceTree = "<group>"; };
		C3B7C8E3143A87870059B9BC /* main.m */ = {isa = PBXFileReference; lastKnownFileType = sourcecode.c.objc; path = main.m; sourceTree = "<group>"; };
		C3B7C8E5143A87870059B9BC /* CourtCoverageAppDelegate.h */ = {isa = PBXFileReference; path = CourtCoverageAppDelegate.h; sourceTree = "<group>"; };
		C3B7C8E6143A87870059B9BC /* CourtCoverageAppDelegate.m */ = {isa = PBXFileReference; lastKnownFileType = sourcecode.c.objc; path = CourtCoverageAppDelegate.m; sourceTree = "<group>"; };
		C3B7C8E9143A87870059B9BC /* en */ = {isa = PBXFileReference; lastKnownFileType = file.xib; name = en; path = en.lproj/MainWindow.xib; sourceTree = "<group>"; };
		C3B7C8EB143A87870059B9BC /* CourtCoverageViewController.h */ = {isa = PBXFileReference; path = CourtCoverageViewController.h; sourceTree = "<group>"; };
		C3B7C8EC143A87870059B9BC /* CourtCoverageViewController.m */ = {isa = PBXFileReference; lastKnownFileType = sourcecode.c.objc; path = CourtCoverageViewController.m; sourceTree = "<group>"; };
		C3B7C8EF143A87870059B9BC /* en */ = {isa = PBXFileReference; lastKnownFileType = file.xib; name = en; path = en.lproj/CourtCoverageViewController.xib; sourceTree = "<group>"; };
/* End PBXFileReference section */

/* Begin PBXFrameworksBuildPhase section */
		C3B7C8CF143A87870059B9BC /* Frameworks */ = {
			isa = PBXFrameworksBuildPhase;
			buildActionMask = 2147483647;
			files = (
				C3B7C8D7143A87870059B9BC /* UIKit.framework in Frameworks */,
				C3B7C8D9143A87870059B9BC /* Foundation.framework in Frameworks */,
				C3B7C8DB143A87870059B9BC /* CoreGraphics.framework in Frameworks */,
			);
			runOnlyForDeploymentPostprocessing = 0;
		};
/* End PBXFrameworksBuildPhase section */

/* Begin PBXGroup section */
		C3B7C8C7143A87870059B9BC = {
			isa = PBXGroup;
			children = (
				C3B7C8DC143A87870059B9BC /* CourtCoverage */,
				C3B7C8D5143A87870059B9BC /* Frameworks */,
				C3B7C8D3143A87870059B9BC /* Products */,
			);
			sourceTree = "<group>";
		};
		C3B7C8D3143A87870059B9BC /* Products */ = {
			isa = PBXGroup;
			children = (
				C3B7C8D2143A87870059B9BC /* CourtCoverage.app */,
			);
			name = Products;
			sourceTree = "<group>";
		};
		C3B7C8D5143A87870059B9BC /* Frameworks */ = {
			isa = PBXGroup;
			children = (
				C3B7C8D6143A87870059B9BC /* UIKit.framework */,
				C3B7C8D8143A87870059B9BC /* Foundation.framework */,
				C3B7C8DA143A87870059B9BC /* CoreGraphics.framework */,
			);
			name = Frameworks;
			sourceTree = "<group>";
		};
		C3B7C8DC143A87870059B9BC /* CourtCoverage */ = {
			isa = PBXGroup;
			children = (
				C3B7C8E5143A87870059B9BC /* CourtCoverageAppDelegate.h */,
				C3B7C8E6143A87870059B9BC /* CourtCoverageAppDelegate.m */,
				C3B7C8E8143A87870059B9BC /* MainWindow.xib */,
				C3B7C8EB143A87870059B9BC /* CourtCoverageViewController.h */,
				C3B7C8EC143A87870059B9BC /* CourtCoverageViewController.m */,
				C3B7C8EE143A87870059B9BC /* CourtCoverageViewController.xib */,
				C3B7C8DD143A87870059B9BC /* Supporting Files */,
			);
			path = CourtCoverage;
			sourceTree = "<group>";
		};
		C3B7C8DD143A87870059B9BC /* Supporting Files */ = {
			isa = PBXGroup;
			children = (
				C3B7C8DE143A87870059B9BC /* CourtCoverage-Info.plist */,
				C3B7C8DF143A87870059B9BC /* InfoPlist.strings */,
				C3B7C8E2143A87870059B9BC /* CourtCoverage-Prefix.pch */,
				C3B7C8E3143A87870059B9BC /* main.m */,
			);
			name = "Supporting Files";
			sourceTree = "<group>";
		};
/* End PBXGroup section */

/* Begin PBXNativeTarget section */
		C3B7C8D1143A87870059B9BC /* CourtCoverage */ = {
			isa = PBXNativeTarget;
			buildConfigurationList = C3B7C8F3143A87870059B9BC /* Build configuration list for PBXNativeTarget "CourtCoverage" */;
			buildPhases = (
				C3B7C8CE143A87870059B9BC /* Sources */,
				C3B7C8CF143A87870059B9BC /* Frameworks */,
				C3B7C8D0143A87870059B9BC /* Resources */,
			);
			buildRules = (
			);
			dependencies = (
			);
			name = CourtCoverage;
			productName = CourtCoverage;
			productReference = C3B7C8D2143A87870059B9BC /* CourtCoverage.app */;
			productType = "com.apple.product-type.application";
		};
/* End PBXNativeTarget section */

/* Begin PBXProject section */
		C3B7C8C9143A87870059B9BC /* Project object */ = {
			isa = PBXProject;
			buildConfigurationList = C3B7C8CC143A87870059B9BC /* Build configuration list for PBXProject "CourtCoverage" */;
			compatibilityVersion = "Xcode 3.2";
			developmentRegion = English;
			hasScannedForEncodings = 0;
			knownRegions = (
				en,
			);
			mainGroup = C3B7C8C7143A87870059B9BC;
			productRefGroup = C3B7C8D3143A87870059B9BC /* Products */;
			projectDirPath = "";
			projectRoot = "";
			targets = (
				C3B7C8D1143A87870059B9BC /* CourtCoverage */,
			);
		};
/* End PBXProject section */

/* Begin PBXResourcesBuildPhase section */
		C3B7C8D0143A87870059B9BC /* Resources */ = {
			isa = PBXResourcesBuildPhase;
			buildActionMask = 2147483647;
			files = (
				C3B7C8E1143A87870059B9BC /* InfoPlist.strings in Resources */,
				C3B7C8EA143A87870059B9BC /* MainWindow.xib in Resources */,
				C3B7C8F0143A87870059B9BC /* CourtCoverageViewController.xib in Resources */,
			);
			runOnlyForDeploymentPostprocessing = 0;
		};
/* End PBXResourcesBuildPhase section */

/* Begin PBXSourcesBuildPhase section */
		C3B7C8CE143A87870059B9BC /* Sources */ = {
			isa = PBXSourcesBuildPhase;
			buildActionMask = 2147483647;
			files = (
				C3B7C8E4143A87870059B9BC /* main.m in Sources */,
				C3B7C8E7143A87870059B9BC /* CourtCoverageAppDelegate.m in Sources */,
				C3B7C8ED143A87870059B9BC /* CourtCoverageViewController.m in Sources */,
			);
			runOnlyForDeploymentPostprocessing = 0;
		};
/* End PBXSourcesBuildPhase section */

/* Begin PBXVariantGroup section */
		C3B7C8DF143A87870059B9BC /* InfoPlist.strings */ = {
			isa = PBXVariantGroup;
			children = (
				C3B7C8E0143A87870059B9BC /* en */,
			);
			name = InfoPlist.strings;
			sourceTree = "<group>";
		};
		C3B7C8E8143A87870059B9BC /* MainWindow.xib */ = {
			isa = PBXVariantGroup;
			children = (
				C3B7C8E9143A87870059B9BC /* en */,
			);
			name = MainWindow.xib;
			sourceTree = "<group>";
		};
		C3B7C8EE143A87870059B9BC /* CourtCoverageViewController.xib */ = {
			isa = PBXVariantGroup;
			children = (
				C3B7C8EF143A87870059B9BC /* en */,
			);
			name = CourtCoverageViewController.xib;
			sourceTree = "<group>";
		};
/* End PBXVariantGroup section */

/* Begin XCBuildConfiguration section */
		C3B7C8F1143A87870059B9BC /* Debug */ = {
			isa = XCBuildConfiguration;
			buildSettings = {
				ARCHS = "$(ARCHS_STANDARD_32_BIT)";
				"CODE_SIGN_IDENTITY[sdk=iphoneos*]" = "iPhone Developer";
				GCC_C_LANGUAGE_STANDARD = gnu99;
				GCC_OPTIMIZATION_LEVEL = 0;
				GCC_PREPROCESSOR_DEFINITIONS = DEBUG;
				GCC_SYMBOLS_PRIVATE_EXTERN = NO;
				GCC_VERSION = com.apple.compilers.llvmgcc42;
				GCC_WARN_ABOUT_RETURN_TYPE = YES;
				GCC_WARN_UNUSED_VARIABLE = YES;
				IPHONEOS_DEPLOYMENT_TARGET = 4.3;
				SDKROOT = iphoneos;
			};
			name = Debug;
		};
		C3B7C8F2143A87870059B9BC /* Release */ = {
			isa = XCBuildConfiguration;
			buildSettings = {
				ARCHS = "$(ARCHS_STANDARD_32_BIT)";
				"CODE_SIGN_IDENTITY[sdk=iphoneos*]" = "iPhone Developer";
				GCC_C_LANGUAGE_STANDARD = gnu99;
				GCC_VERSION = com.apple.compilers.llvmgcc42;
				GCC_WARN_ABOUT_RETURN_TYPE = YES;
				GCC_WARN_UNUSED_VARIABLE = YES;
				IPHONEOS_DEPLOYMENT_TARGET = 4.3;
				OTHER_CFLAGS = "-DNS_BLOCK_ASSERTIONS=1";
				SDKROOT = iphoneos;
			};
			name = Release;
		};
		C3B7C8F4143A87870059B9BC /* Debug */ = {
			isa = XCBuildConfiguration;
			buildSettings = {
				ALWAYS_SEARCH_USER_PATHS = NO;
				COPY_PHASE_STRIP = NO;
				GCC_DYNAMIC_NO_PIC = NO;
				GCC_PRECOMPILE_PREFIX_HEADER = YES;
				GCC_PREFIX_HEADER = "CourtCoverage/CourtCoverage-Prefix.pch";
				INFOPLIST_FILE = "CourtCoverage/CourtCoverage-Info.plist";
				PRODUCT_NAME = "$(TARGET_NAME)";
				WRAPPER_EXTENSION = app;
			};
			name = Debug;
		};
		C3B7C8F5143A87870059B9BC /* Release */ = {
			isa = XCBuildConfiguration;
			buildSettings = {
				ALWAYS_SEARCH_USER_PATHS = NO;
				COPY_PHASE_STRIP = YES;
				GCC_PRECOMPILE_PREFIX_HEADER = YES;
				GCC_PREFIX_HEADER = "CourtCoverage/CourtCoverage-Prefix.pch";
				INFOPLIST_FILE = "CourtCoverage/CourtCoverage-Info.plist";
				PRODUCT_NAME = "$(TARGET_NAME)";
				VALIDATE_PRODUCT = YES;
				WRAPPER_EXTENSION = app;
			};
			name = Release;
		};
/* End XCBuildConfiguration section */

/* Begin XCConfigurationList section */
		C3B7C8CC143A87870059B9BC /* Build configuration list for PBXProject "CourtCoverage" */ = {
			isa = XCConfigurationList;
			buildConfigurations = (
				C3B7C8F1143A87870059B9BC /* Debug */,
				C3B7C8F2143A87870059B9BC /* Release */,
			);
			defaultConfigurationIsVisible = 0;
			defaultConfigurationName = Release;
		};
		C3B7C8F3143A87870059B9BC /* Build configuration list for PBXNativeTarget "CourtCoverage" */ = {
			isa = XCConfigurationList;
			buildConfigurations = (
				C3B7C8F4143A87870059B9BC /* Debug */,
				C3B7C8F5143A87870059B9BC /* Release */,
			);
			defaultConfigurationIsVisible = 0;
		};
/* End XCConfigurationList section */
	};
	rootObject = C3B7C8C9143A87870059B9BC /* Project object */;
}
